# This is a Gradle generated file for dependency locking.
# Manual edits can break the build and are not advised.
# This file is expected to be part of source control.
androidx.activity:activity:1.5.1=debugCompileClasspath,debugRuntimeClasspath,releaseCompileClasspath,releaseRuntimeClasspath
androidx.annotation:annotation-experimental:1.3.1=debugCompileClasspath,debugRuntimeClasspath,releaseCompileClasspath,releaseRuntimeClasspath
androidx.annotation:annotation-jvm:1.7.0=debugCompileClasspath,debugRuntimeClasspath,releaseCompileClasspath,releaseRuntimeClasspath
androidx.annotation:annotation:1.7.0=debugCompileClasspath,debugRuntimeClasspath,releaseCompileClasspath,releaseRuntimeClasspath
androidx.arch.core:core-common:2.1.0=debugCompileClasspath,debugRuntimeClasspath,releaseCompileClasspath,releaseRuntimeClasspath
androidx.arch.core:core-runtime:2.1.0=debugCompileClasspath,debugRuntimeClasspath,releaseCompileClasspath,releaseRuntimeClasspath
androidx.collection:collection:1.1.0=debugCompileClasspath,debugRuntimeClasspath,releaseCompileClasspath,releaseRuntimeClasspath
androidx.concurrent:concurrent-futures:1.0.0=debugRuntimeClasspath,releaseRuntimeClasspath
androidx.core:core-ktx:1.2.0=debugCompileClasspath,debugRuntimeClasspath,releaseCompileClasspath,releaseRuntimeClasspath
androidx.core:core:1.8.0=debugCompileClasspath,debugRuntimeClasspath,releaseCompileClasspath,releaseRuntimeClasspath
androidx.customview:customview:1.0.0=debugCompileClasspath,debugRuntimeClasspath,releaseCompileClasspath,releaseRuntimeClasspath
androidx.datastore:datastore-android:1.1.7=debugCompileClasspath,debugRuntimeClasspath,releaseCompileClasspath,releaseRuntimeClasspath
androidx.datastore:datastore-core-android:1.1.7=debugCompileClasspath,debugRuntimeClasspath,releaseCompileClasspath,releaseRuntimeClasspath
androidx.datastore:datastore-core-okio-jvm:1.1.7=debugCompileClasspath,debugRuntimeClasspath,releaseCompileClasspath,releaseRuntimeClasspath
androidx.datastore:datastore-core-okio:1.1.7=debugCompileClasspath,debugRuntimeClasspath,releaseCompileClasspath,releaseRuntimeClasspath
androidx.datastore:datastore-core:1.1.7=debugCompileClasspath,debugRuntimeClasspath,releaseCompileClasspath,releaseRuntimeClasspath
androidx.datastore:datastore:1.1.7=debugCompileClasspath,debugRuntimeClasspath,releaseCompileClasspath,releaseRuntimeClasspath
androidx.fragment:fragment:1.5.1=debugCompileClasspath,debugRuntimeClasspath,releaseCompileClasspath,releaseRuntimeClasspath
androidx.lifecycle:lifecycle-common:2.5.1=debugCompileClasspath,debugRuntimeClasspath,releaseCompileClasspath,releaseRuntimeClasspath
androidx.lifecycle:lifecycle-livedata-core:2.5.1=debugCompileClasspath,debugRuntimeClasspath,releaseCompileClasspath,releaseRuntimeClasspath
androidx.lifecycle:lifecycle-livedata:2.0.0=debugCompileClasspath,debugRuntimeClasspath,releaseCompileClasspath,releaseRuntimeClasspath
androidx.lifecycle:lifecycle-runtime:2.5.1=debugCompileClasspath,debugRuntimeClasspath,releaseCompileClasspath,releaseRuntimeClasspath
androidx.lifecycle:lifecycle-viewmodel-savedstate:2.5.1=debugCompileClasspath,debugRuntimeClasspath,releaseCompileClasspath,releaseRuntimeClasspath
androidx.lifecycle:lifecycle-viewmodel:2.5.1=debugCompileClasspath,debugRuntimeClasspath,releaseCompileClasspath,releaseRuntimeClasspath
androidx.loader:loader:1.0.0=debugCompileClasspath,debugRuntimeClasspath,releaseCompileClasspath,releaseRuntimeClasspath
androidx.savedstate:savedstate:1.2.0=debugCompileClasspath,debugRuntimeClasspath,releaseCompileClasspath,releaseRuntimeClasspath
androidx.tracing:tracing:1.0.0=debugRuntimeClasspath,releaseRuntimeClasspath
androidx.versionedparcelable:versionedparcelable:1.1.1=debugCompileClasspath,debugRuntimeClasspath,releaseCompileClasspath,releaseRuntimeClasspath
androidx.viewpager:viewpager:1.0.0=debugCompileClasspath,debugRuntimeClasspath,releaseCompileClasspath,releaseRuntimeClasspath
com.google.code.findbugs:jsr305:3.0.2=debugCompileClasspath,debugRuntimeClasspath,releaseCompileClasspath,releaseRuntimeClasspath
com.google.dagger:dagger-lint-aar:2.57=debugCompileClasspath,debugRuntimeClasspath,releaseCompileClasspath,releaseRuntimeClasspath
com.google.dagger:dagger:2.57=debugCompileClasspath,debugRuntimeClasspath,releaseCompileClasspath,releaseRuntimeClasspath
com.google.dagger:hilt-android:2.57=debugCompileClasspath,debugRuntimeClasspath,releaseCompileClasspath,releaseRuntimeClasspath
com.google.dagger:hilt-core:2.57=debugCompileClasspath,debugRuntimeClasspath,releaseCompileClasspath,releaseRuntimeClasspath
com.google.guava:listenablefuture:1.0=debugRuntimeClasspath,releaseRuntimeClasspath
com.google.protobuf:protobuf-javalite:4.31.1=debugCompileClasspath,debugRuntimeClasspath,releaseCompileClasspath,releaseRuntimeClasspath
com.google.protobuf:protobuf-kotlin-lite:4.31.1=debugCompileClasspath,debugRuntimeClasspath,releaseCompileClasspath,releaseRuntimeClasspath
com.squareup.okio:okio-jvm:3.4.0=debugCompileClasspath,debugRuntimeClasspath,releaseCompileClasspath,releaseRuntimeClasspath
com.squareup.okio:okio:3.4.0=debugCompileClasspath,debugRuntimeClasspath,releaseCompileClasspath,releaseRuntimeClasspath
jakarta.inject:jakarta.inject-api:2.0.1=debugCompileClasspath,debugRuntimeClasspath,releaseCompileClasspath,releaseRuntimeClasspath
javax.inject:javax.inject:1=debugCompileClasspath,debugRuntimeClasspath,releaseCompileClasspath,releaseRuntimeClasspath
org.jetbrains.kotlin:kotlin-android-extensions-runtime:1.9.22=debugRuntimeClasspath,releaseRuntimeClasspath
org.jetbrains.kotlin:kotlin-parcelize-runtime:1.9.22=debugRuntimeClasspath,releaseRuntimeClasspath
org.jetbrains.kotlin:kotlin-stdlib-common:2.2.0=debugCompileClasspath,releaseCompileClasspath
org.jetbrains.kotlin:kotlin-stdlib-jdk7:1.8.0=debugCompileClasspath,debugRuntimeClasspath,releaseCompileClasspath,releaseRuntimeClasspath
org.jetbrains.kotlin:kotlin-stdlib-jdk8:1.8.0=debugCompileClasspath,debugRuntimeClasspath,releaseCompileClasspath,releaseRuntimeClasspath
org.jetbrains.kotlin:kotlin-stdlib:2.2.0=debugCompileClasspath,debugRuntimeClasspath,releaseCompileClasspath,releaseRuntimeClasspath
org.jetbrains.kotlinx:kotlinx-coroutines-android:1.10.2=debugCompileClasspath,debugRuntimeClasspath,releaseCompileClasspath,releaseRuntimeClasspath
org.jetbrains.kotlinx:kotlinx-coroutines-bom:1.10.2=debugCompileClasspath,debugRuntimeClasspath,releaseCompileClasspath,releaseRuntimeClasspath
org.jetbrains.kotlinx:kotlinx-coroutines-core-jvm:1.10.2=debugCompileClasspath,debugRuntimeClasspath,releaseCompileClasspath,releaseRuntimeClasspath
org.jetbrains.kotlinx:kotlinx-coroutines-core:1.10.2=debugCompileClasspath,debugRuntimeClasspath,releaseCompileClasspath,releaseRuntimeClasspath
org.jetbrains:annotations:23.0.0=debugCompileClasspath,debugRuntimeClasspath,releaseCompileClasspath,releaseRuntimeClasspath
org.jspecify:jspecify:1.0.0=debugCompileClasspath,debugRuntimeClasspath,releaseCompileClasspath,releaseRuntimeClasspath
empty=
